
Microsoft Visual Studio Solution File, Format Version 12.00
# Visual Studio Version 17
VisualStudioVersion = 17.10.34916.146
MinimumVisualStudioVersion = 10.0.40219.1
Project("{FAE04EC0-301F-11D3-BF4B-00C04F79EFBC}") = "BT1", "BT1.csproj", "{528A8082-36E2-43D6-AC7B-CAB1450C7ED2}"
EndProject
Global
	GlobalSection(SolutionConfigurationPlatforms) = preSolution
		Debug|Any CPU = Debug|Any CPU
		Release|Any CPU = Release|Any CPU
	EndGlobalSection
	GlobalSection(ProjectConfigurationPlatforms) = postSolution
		{528A8082-36E2-43D6-AC7B-CAB1450C7ED2}.Debug|Any CPU.ActiveCfg = Debug|Any CPU
		{528A8082-36E2-43D6-AC7B-CAB1450C7ED2}.Debug|Any CPU.Build.0 = Debug|Any CPU
		{528A8082-36E2-43D6-AC7B-CAB1450C7ED2}.Release|Any CPU.ActiveCfg = Release|Any CPU
		{528A8082-36E2-43D6-AC7B-CAB1450C7ED2}.Release|Any CPU.Build.0 = Release|Any CPU
	EndGlobalSection
	GlobalSection(SolutionProperties) = preSolution
		HideSolutionNode = FALSE
	EndGlobalSection
	GlobalSection(ExtensibilityGlobals) = postSolution
		SolutionGuid = {A8A38E15-9904-482E-840C-899FBC19CA3F}
	EndGlobalSection
EndGlobal
