
Microsoft Visual Studio Solution File, Format Version 12.00
# Visual Studio Version 17
VisualStudioVersion = 17.10.34916.146
MinimumVisualStudioVersion = 10.0.40219.1
Project("{FAE04EC0-301F-11D3-BF4B-00C04F79EFBC}") = "BT4", "BT4.csproj", "{2EFFF92D-3339-4BFA-B6BD-029D3D37485B}"
EndProject
Global
	GlobalSection(SolutionConfigurationPlatforms) = preSolution
		Debug|Any CPU = Debug|Any CPU
		Release|Any CPU = Release|Any CPU
	EndGlobalSection
	GlobalSection(ProjectConfigurationPlatforms) = postSolution
		{2EFFF92D-3339-4BFA-B6BD-029D3D37485B}.Debug|Any CPU.ActiveCfg = Debug|Any CPU
		{2EFFF92D-3339-4BFA-B6BD-029D3D37485B}.Debug|Any CPU.Build.0 = Debug|Any CPU
		{2EFFF92D-3339-4BFA-B6BD-029D3D37485B}.Release|Any CPU.ActiveCfg = Release|Any CPU
		{2EFFF92D-3339-4BFA-B6BD-029D3D37485B}.Release|Any CPU.Build.0 = Release|Any CPU
	EndGlobalSection
	GlobalSection(SolutionProperties) = preSolution
		HideSolutionNode = FALSE
	EndGlobalSection
	GlobalSection(ExtensibilityGlobals) = postSolution
		SolutionGuid = {918342D5-E9A7-4E6F-BC2F-B365C86F272E}
	EndGlobalSection
EndGlobal
